{
  "name": "@jszilla/compose",
  "version": "1.0.0",
  "lockfileVersion": 1,
  "requires": true,
  "dependencies": {
    "esm": {
      "version": "3.2.17",
      "resolved": "https://registry.npmjs.org/esm/-/esm-3.2.17.tgz",
      "integrity": "sha512-C9o9bz51z5upkD7wCsTKgWwWSZ+OztN2eXLL8senHAULFAXCXGSmw1EW2zengsoyyDh9D/H4Twxk7ZkMEW360Q==",
      "dev": true
    }
  }
}
